// !$*UTF8*$!
{
	archiveVersion = 1;
	classes = {
	};
	objectVersion = 55;
	objects = {

/* Begin PBXBuildFile section */
		5738AEDC284D560100FE37F4 /* DetailViewInteractor.swift in Sources */ = {isa = PBXBuildFile; fileRef = 5738AEDB284D560100FE37F4 /* DetailViewInteractor.swift */; };
		5738AEDD284D560100FE37F4 /* DetailViewInteractor.swift in Sources */ = {isa = PBXBuildFile; fileRef = 5738AEDB284D560100FE37F4 /* DetailViewInteractor.swift */; };
		5738AEDF284D568000FE37F4 /* DetailView.swift in Sources */ = {isa = PBXBuildFile; fileRef = 5738AEDE284D568000FE37F4 /* DetailView.swift */; };
		5738AEE0284D568000FE37F4 /* DetailView.swift in Sources */ = {isa = PBXBuildFile; fileRef = 5738AEDE284D568000FE37F4 /* DetailView.swift */; };
		5738AEE2284D56B100FE37F4 /* DetailViewPresenter.swift in Sources */ = {isa = PBXBuildFile; fileRef = 5738AEE1284D56B100FE37F4 /* DetailViewPresenter.swift */; };
		5738AEE3284D56B100FE37F4 /* DetailViewPresenter.swift in Sources */ = {isa = PBXBuildFile; fileRef = 5738AEE1284D56B100FE37F4 /* DetailViewPresenter.swift */; };
		5738AEE5284D775C00FE37F4 /* SummaryEntity.swift in Sources */ = {isa = PBXBuildFile; fileRef = 5738AEE4284D775C00FE37F4 /* SummaryEntity.swift */; };
		5738AEE6284D775C00FE37F4 /* SummaryEntity.swift in Sources */ = {isa = PBXBuildFile; fileRef = 5738AEE4284D775C00FE37F4 /* SummaryEntity.swift */; };
		57B2F692284708A100811ED0 /* Endpoint.swift in Sources */ = {isa = PBXBuildFile; fileRef = 57B2F691284708A100811ED0 /* Endpoint.swift */; };
		57B2F693284708A100811ED0 /* Endpoint.swift in Sources */ = {isa = PBXBuildFile; fileRef = 57B2F691284708A100811ED0 /* Endpoint.swift */; };
		6C0406112846CBFD0012DC32 /* CharacterEntity.swift in Sources */ = {isa = PBXBuildFile; fileRef = 6C0406102846CBFD0012DC32 /* CharacterEntity.swift */; };
		6C0406122846CBFD0012DC32 /* CharacterEntity.swift in Sources */ = {isa = PBXBuildFile; fileRef = 6C0406102846CBFD0012DC32 /* CharacterEntity.swift */; };
		6C0406142846CCA20012DC32 /* CompanyEntity.swift in Sources */ = {isa = PBXBuildFile; fileRef = 6C0406132846CCA20012DC32 /* CompanyEntity.swift */; };
		6C0406152846CCA20012DC32 /* CompanyEntity.swift in Sources */ = {isa = PBXBuildFile; fileRef = 6C0406132846CCA20012DC32 /* CompanyEntity.swift */; };
		6C0406172846CD310012DC32 /* GameEntity.swift in Sources */ = {isa = PBXBuildFile; fileRef = 6C0406162846CD310012DC32 /* GameEntity.swift */; };
		6C0406182846CD310012DC32 /* GameEntity.swift in Sources */ = {isa = PBXBuildFile; fileRef = 6C0406162846CD310012DC32 /* GameEntity.swift */; };
		6C04061A2846CEC80012DC32 /* PlatformEntity.swift in Sources */ = {isa = PBXBuildFile; fileRef = 6C0406192846CEC80012DC32 /* PlatformEntity.swift */; };
		6C04061B2846CEC80012DC32 /* PlatformEntity.swift in Sources */ = {isa = PBXBuildFile; fileRef = 6C0406192846CEC80012DC32 /* PlatformEntity.swift */; };
		6C0DAC0428401E4800B3E75C /* Tests_iOS.swift in Sources */ = {isa = PBXBuildFile; fileRef = 6C0DAC0328401E4800B3E75C /* Tests_iOS.swift */; };
		6C0DAC0628401E4800B3E75C /* Tests_iOSLaunchTests.swift in Sources */ = {isa = PBXBuildFile; fileRef = 6C0DAC0528401E4800B3E75C /* Tests_iOSLaunchTests.swift */; };
		6C0DAC1028401E4800B3E75C /* Tests_macOS.swift in Sources */ = {isa = PBXBuildFile; fileRef = 6C0DAC0F28401E4800B3E75C /* Tests_macOS.swift */; };
		6C0DAC1228401E4800B3E75C /* Tests_macOSLaunchTests.swift in Sources */ = {isa = PBXBuildFile; fileRef = 6C0DAC1128401E4800B3E75C /* Tests_macOSLaunchTests.swift */; };
		6C0DAC1328401E4800B3E75C /* Viper.xcdatamodeld in Sources */ = {isa = PBXBuildFile; fileRef = 6C0DABE828401E4600B3E75C /* Viper.xcdatamodeld */; };
		6C0DAC1428401E4800B3E75C /* Viper.xcdatamodeld in Sources */ = {isa = PBXBuildFile; fileRef = 6C0DABE828401E4600B3E75C /* Viper.xcdatamodeld */; };
		6C0DAC1528401E4800B3E75C /* ViperApp.swift in Sources */ = {isa = PBXBuildFile; fileRef = 6C0DABEA28401E4600B3E75C /* ViperApp.swift */; };
		6C0DAC1628401E4800B3E75C /* ViperApp.swift in Sources */ = {isa = PBXBuildFile; fileRef = 6C0DABEA28401E4600B3E75C /* ViperApp.swift */; };
		6C0DAC1728401E4800B3E75C /* ContentView.swift in Sources */ = {isa = PBXBuildFile; fileRef = 6C0DABEB28401E4600B3E75C /* ContentView.swift */; };
		6C0DAC1828401E4800B3E75C /* ContentView.swift in Sources */ = {isa = PBXBuildFile; fileRef = 6C0DABEB28401E4600B3E75C /* ContentView.swift */; };
		6C0DAC1928401E4800B3E75C /* Persistence.swift in Sources */ = {isa = PBXBuildFile; fileRef = 6C0DABEC28401E4600B3E75C /* Persistence.swift */; };
		6C0DAC1A28401E4800B3E75C /* Persistence.swift in Sources */ = {isa = PBXBuildFile; fileRef = 6C0DABEC28401E4600B3E75C /* Persistence.swift */; };
		6C0DAC1B28401E4800B3E75C /* Assets.xcassets in Resources */ = {isa = PBXBuildFile; fileRef = 6C0DABED28401E4800B3E75C /* Assets.xcassets */; };
		6C0DAC1C28401E4800B3E75C /* Assets.xcassets in Resources */ = {isa = PBXBuildFile; fileRef = 6C0DABED28401E4800B3E75C /* Assets.xcassets */; };
		6C0DAC32284044C800B3E75C /* IGDBService.swift in Sources */ = {isa = PBXBuildFile; fileRef = 6C0DAC31284044C800B3E75C /* IGDBService.swift */; };
		6C0DAC33284044C800B3E75C /* IGDBService.swift in Sources */ = {isa = PBXBuildFile; fileRef = 6C0DAC31284044C800B3E75C /* IGDBService.swift */; };
		6C0DAC3A2840639B00B3E75C /* MainViewPresenter.swift in Sources */ = {isa = PBXBuildFile; fileRef = 6C0DAC392840639B00B3E75C /* MainViewPresenter.swift */; };
		6C0DAC3B2840639B00B3E75C /* MainViewPresenter.swift in Sources */ = {isa = PBXBuildFile; fileRef = 6C0DAC392840639B00B3E75C /* MainViewPresenter.swift */; };
		6C0DAC3D284063A700B3E75C /* StructDecoder.swift in Sources */ = {isa = PBXBuildFile; fileRef = 6C0DAC3C284063A700B3E75C /* StructDecoder.swift */; };
		6C0DAC3E284063A700B3E75C /* StructDecoder.swift in Sources */ = {isa = PBXBuildFile; fileRef = 6C0DAC3C284063A700B3E75C /* StructDecoder.swift */; };
		6C0DAC40284063B000B3E75C /* MainViewRouter.swift in Sources */ = {isa = PBXBuildFile; fileRef = 6C0DAC3F284063B000B3E75C /* MainViewRouter.swift */; };
		6C0DAC41284063B000B3E75C /* MainViewRouter.swift in Sources */ = {isa = PBXBuildFile; fileRef = 6C0DAC3F284063B000B3E75C /* MainViewRouter.swift */; };
		6C0DAC432841921D00B3E75C /* MainView.swift in Sources */ = {isa = PBXBuildFile; fileRef = 6C0DAC422841921D00B3E75C /* MainView.swift */; };
		6C0DAC442841921D00B3E75C /* MainView.swift in Sources */ = {isa = PBXBuildFile; fileRef = 6C0DAC422841921D00B3E75C /* MainView.swift */; };
		6C0DAC4628419F5400B3E75C /* EndpointCard.swift in Sources */ = {isa = PBXBuildFile; fileRef = 6C0DAC4528419F5400B3E75C /* EndpointCard.swift */; };
		6C0DAC4728419F5400B3E75C /* EndpointCard.swift in Sources */ = {isa = PBXBuildFile; fileRef = 6C0DAC4528419F5400B3E75C /* EndpointCard.swift */; };
		6C0DAC492841ACA700B3E75C /* MainViewInteractor.swift in Sources */ = {isa = PBXBuildFile; fileRef = 6C0DAC482841ACA700B3E75C /* MainViewInteractor.swift */; };
		6C0DAC4A2841ACA700B3E75C /* MainViewInteractor.swift in Sources */ = {isa = PBXBuildFile; fileRef = 6C0DAC482841ACA700B3E75C /* MainViewInteractor.swift */; };
		6C0DAC4C2841B43A00B3E75C /* EndpointCardPresenter.swift in Sources */ = {isa = PBXBuildFile; fileRef = 6C0DAC4B2841B43A00B3E75C /* EndpointCardPresenter.swift */; };
		6C0DAC4D2841B43A00B3E75C /* EndpointCardPresenter.swift in Sources */ = {isa = PBXBuildFile; fileRef = 6C0DAC4B2841B43A00B3E75C /* EndpointCardPresenter.swift */; };
		6C0DAC4F2841B45300B3E75C /* EndpointCardInteractor.swift in Sources */ = {isa = PBXBuildFile; fileRef = 6C0DAC4E2841B45300B3E75C /* EndpointCardInteractor.swift */; };
		6C0DAC502841B45300B3E75C /* EndpointCardInteractor.swift in Sources */ = {isa = PBXBuildFile; fileRef = 6C0DAC4E2841B45300B3E75C /* EndpointCardInteractor.swift */; };
		6C0DAC522841B57800B3E75C /* EndpointListView.swift in Sources */ = {isa = PBXBuildFile; fileRef = 6C0DAC512841B57800B3E75C /* EndpointListView.swift */; };
		6C0DAC532841B57800B3E75C /* EndpointListView.swift in Sources */ = {isa = PBXBuildFile; fileRef = 6C0DAC512841B57800B3E75C /* EndpointListView.swift */; };
		6C0DAC552841B60400B3E75C /* EndpointListViewPresenter.swift in Sources */ = {isa = PBXBuildFile; fileRef = 6C0DAC542841B60300B3E75C /* EndpointListViewPresenter.swift */; };
		6C0DAC562841B60400B3E75C /* EndpointListViewPresenter.swift in Sources */ = {isa = PBXBuildFile; fileRef = 6C0DAC542841B60300B3E75C /* EndpointListViewPresenter.swift */; };
		6C0DAC582841B61800B3E75C /* EndpointListViewInteractor.swift in Sources */ = {isa = PBXBuildFile; fileRef = 6C0DAC572841B61800B3E75C /* EndpointListViewInteractor.swift */; };
		6C0DAC592841B61800B3E75C /* EndpointListViewInteractor.swift in Sources */ = {isa = PBXBuildFile; fileRef = 6C0DAC572841B61800B3E75C /* EndpointListViewInteractor.swift */; };
		6C64383228501D1C0008DAD3 /* EndpointListViewRouter.swift in Sources */ = {isa = PBXBuildFile; fileRef = 6C64383128501D1C0008DAD3 /* EndpointListViewRouter.swift */; };
		6C64383328501D1C0008DAD3 /* EndpointListViewRouter.swift in Sources */ = {isa = PBXBuildFile; fileRef = 6C64383128501D1C0008DAD3 /* EndpointListViewRouter.swift */; };
		6CAD6B8A2847948E00C688F2 /* GenericEntity.swift in Sources */ = {isa = PBXBuildFile; fileRef = 6CAD6B892847948E00C688F2 /* GenericEntity.swift */; };
		6CAD6B8B2847948E00C688F2 /* GenericEntity.swift in Sources */ = {isa = PBXBuildFile; fileRef = 6CAD6B892847948E00C688F2 /* GenericEntity.swift */; };
		6CAD6B8E284D3DFE00C688F2 /* BaseProtocols.swift in Sources */ = {isa = PBXBuildFile; fileRef = 6CAD6B8D284D3DFE00C688F2 /* BaseProtocols.swift */; };
		6CAD6B8F284D3DFE00C688F2 /* BaseProtocols.swift in Sources */ = {isa = PBXBuildFile; fileRef = 6CAD6B8D284D3DFE00C688F2 /* BaseProtocols.swift */; };
		6CAD6B92284D486200C688F2 /* CoreDataService.swift in Sources */ = {isa = PBXBuildFile; fileRef = 6CAD6B91284D486200C688F2 /* CoreDataService.swift */; };
		6CAD6B93284D486200C688F2 /* CoreDataService.swift in Sources */ = {isa = PBXBuildFile; fileRef = 6CAD6B91284D486200C688F2 /* CoreDataService.swift */; };
		6CAD6B96284DCC0900C688F2 /* PlatformLogoEntity.swift in Sources */ = {isa = PBXBuildFile; fileRef = 6CAD6B95284DCC0900C688F2 /* PlatformLogoEntity.swift */; };
		6CAD6B97284DCC0900C688F2 /* PlatformLogoEntity.swift in Sources */ = {isa = PBXBuildFile; fileRef = 6CAD6B95284DCC0900C688F2 /* PlatformLogoEntity.swift */; };
		6CAD6B99284DCC2400C688F2 /* CoverEntity.swift in Sources */ = {isa = PBXBuildFile; fileRef = 6CAD6B98284DCC2400C688F2 /* CoverEntity.swift */; };
		6CAD6B9A284DCC2400C688F2 /* CoverEntity.swift in Sources */ = {isa = PBXBuildFile; fileRef = 6CAD6B98284DCC2400C688F2 /* CoverEntity.swift */; };
/* End PBXBuildFile section */

/* Begin PBXContainerItemProxy section */
		6C0DAC0028401E4800B3E75C /* PBXContainerItemProxy */ = {
			isa = PBXContainerItemProxy;
			containerPortal = 6C0DABE328401E4500B3E75C /* Project object */;
			proxyType = 1;
			remoteGlobalIDString = 6C0DABF128401E4800B3E75C;
			remoteInfo = "Viper (iOS)";
		};
		6C0DAC0C28401E4800B3E75C /* PBXContainerItemProxy */ = {
			isa = PBXContainerItemProxy;
			containerPortal = 6C0DABE328401E4500B3E75C /* Project object */;
			proxyType = 1;
			remoteGlobalIDString = 6C0DABF728401E4800B3E75C;
			remoteInfo = "Viper (macOS)";
		};
/* End PBXContainerItemProxy section */

/* Begin PBXFileReference section */
		5738AEDB284D560100FE37F4 /* DetailViewInteractor.swift */ = {isa = PBXFileReference; lastKnownFileType = sourcecode.swift; path = DetailViewInteractor.swift; sourceTree = "<group>"; };
		5738AEDE284D568000FE37F4 /* DetailView.swift */ = {isa = PBXFileReference; lastKnownFileType = sourcecode.swift; path = DetailView.swift; sourceTree = "<group>"; };
		5738AEE1284D56B100FE37F4 /* DetailViewPresenter.swift */ = {isa = PBXFileReference; lastKnownFileType = sourcecode.swift; path = DetailViewPresenter.swift; sourceTree = "<group>"; };
		5738AEE4284D775C00FE37F4 /* SummaryEntity.swift */ = {isa = PBXFileReference; lastKnownFileType = sourcecode.swift; path = SummaryEntity.swift; sourceTree = "<group>"; };
		57B2F691284708A100811ED0 /* Endpoint.swift */ = {isa = PBXFileReference; lastKnownFileType = sourcecode.swift; path = Endpoint.swift; sourceTree = "<group>"; };
		6C0406102846CBFD0012DC32 /* CharacterEntity.swift */ = {isa = PBXFileReference; lastKnownFileType = sourcecode.swift; path = CharacterEntity.swift; sourceTree = "<group>"; };
		6C0406132846CCA20012DC32 /* CompanyEntity.swift */ = {isa = PBXFileReference; lastKnownFileType = sourcecode.swift; path = CompanyEntity.swift; sourceTree = "<group>"; };
		6C0406162846CD310012DC32 /* GameEntity.swift */ = {isa = PBXFileReference; lastKnownFileType = sourcecode.swift; path = GameEntity.swift; sourceTree = "<group>"; };
		6C0406192846CEC80012DC32 /* PlatformEntity.swift */ = {isa = PBXFileReference; lastKnownFileType = sourcecode.swift; path = PlatformEntity.swift; sourceTree = "<group>"; };
		6C0DABE928401E4600B3E75C /* Shared.xcdatamodel */ = {isa = PBXFileReference; lastKnownFileType = wrapper.xcdatamodel; path = Shared.xcdatamodel; sourceTree = "<group>"; };
		6C0DABEA28401E4600B3E75C /* ViperApp.swift */ = {isa = PBXFileReference; lastKnownFileType = sourcecode.swift; path = ViperApp.swift; sourceTree = "<group>"; };
		6C0DABEB28401E4600B3E75C /* ContentView.swift */ = {isa = PBXFileReference; lastKnownFileType = sourcecode.swift; path = ContentView.swift; sourceTree = "<group>"; };
		6C0DABEC28401E4600B3E75C /* Persistence.swift */ = {isa = PBXFileReference; lastKnownFileType = sourcecode.swift; path = Persistence.swift; sourceTree = "<group>"; };
		6C0DABED28401E4800B3E75C /* Assets.xcassets */ = {isa = PBXFileReference; lastKnownFileType = folder.assetcatalog; path = Assets.xcassets; sourceTree = "<group>"; };
		6C0DABF228401E4800B3E75C /* Viper.app */ = {isa = PBXFileReference; explicitFileType = wrapper.application; includeInIndex = 0; path = Viper.app; sourceTree = BUILT_PRODUCTS_DIR; };
		6C0DABF828401E4800B3E75C /* Viper.app */ = {isa = PBXFileReference; explicitFileType = wrapper.application; includeInIndex = 0; path = Viper.app; sourceTree = BUILT_PRODUCTS_DIR; };
		6C0DABFA28401E4800B3E75C /* macOS.entitlements */ = {isa = PBXFileReference; lastKnownFileType = text.plist.entitlements; path = macOS.entitlements; sourceTree = "<group>"; };
		6C0DABFF28401E4800B3E75C /* Tests iOS.xctest */ = {isa = PBXFileReference; explicitFileType = wrapper.cfbundle; includeInIndex = 0; path = "Tests iOS.xctest"; sourceTree = BUILT_PRODUCTS_DIR; };
		6C0DAC0328401E4800B3E75C /* Tests_iOS.swift */ = {isa = PBXFileReference; lastKnownFileType = sourcecode.swift; path = Tests_iOS.swift; sourceTree = "<group>"; };
		6C0DAC0528401E4800B3E75C /* Tests_iOSLaunchTests.swift */ = {isa = PBXFileReference; lastKnownFileType = sourcecode.swift; path = Tests_iOSLaunchTests.swift; sourceTree = "<group>"; };
		6C0DAC0B28401E4800B3E75C /* Tests macOS.xctest */ = {isa = PBXFileReference; explicitFileType = wrapper.cfbundle; includeInIndex = 0; path = "Tests macOS.xctest"; sourceTree = BUILT_PRODUCTS_DIR; };
		6C0DAC0F28401E4800B3E75C /* Tests_macOS.swift */ = {isa = PBXFileReference; lastKnownFileType = sourcecode.swift; path = Tests_macOS.swift; sourceTree = "<group>"; };
		6C0DAC1128401E4800B3E75C /* Tests_macOSLaunchTests.swift */ = {isa = PBXFileReference; lastKnownFileType = sourcecode.swift; path = Tests_macOSLaunchTests.swift; sourceTree = "<group>"; };
		6C0DAC31284044C800B3E75C /* IGDBService.swift */ = {isa = PBXFileReference; lastKnownFileType = sourcecode.swift; path = IGDBService.swift; sourceTree = "<group>"; };
		6C0DAC392840639B00B3E75C /* MainViewPresenter.swift */ = {isa = PBXFileReference; lastKnownFileType = sourcecode.swift; path = MainViewPresenter.swift; sourceTree = "<group>"; };
		6C0DAC3C284063A700B3E75C /* StructDecoder.swift */ = {isa = PBXFileReference; lastKnownFileType = sourcecode.swift; path = StructDecoder.swift; sourceTree = "<group>"; };
		6C0DAC3F284063B000B3E75C /* MainViewRouter.swift */ = {isa = PBXFileReference; lastKnownFileType = sourcecode.swift; path = MainViewRouter.swift; sourceTree = "<group>"; };
		6C0DAC422841921D00B3E75C /* MainView.swift */ = {isa = PBXFileReference; lastKnownFileType = sourcecode.swift; path = MainView.swift; sourceTree = "<group>"; };
		6C0DAC4528419F5400B3E75C /* EndpointCard.swift */ = {isa = PBXFileReference; lastKnownFileType = sourcecode.swift; path = EndpointCard.swift; sourceTree = "<group>"; };
		6C0DAC482841ACA700B3E75C /* MainViewInteractor.swift */ = {isa = PBXFileReference; lastKnownFileType = sourcecode.swift; path = MainViewInteractor.swift; sourceTree = "<group>"; };
		6C0DAC4B2841B43A00B3E75C /* EndpointCardPresenter.swift */ = {isa = PBXFileReference; lastKnownFileType = sourcecode.swift; path = EndpointCardPresenter.swift; sourceTree = "<group>"; };
		6C0DAC4E2841B45300B3E75C /* EndpointCardInteractor.swift */ = {isa = PBXFileReference; lastKnownFileType = sourcecode.swift; path = EndpointCardInteractor.swift; sourceTree = "<group>"; };
		6C0DAC512841B57800B3E75C /* EndpointListView.swift */ = {isa = PBXFileReference; lastKnownFileType = sourcecode.swift; path = EndpointListView.swift; sourceTree = "<group>"; };
		6C0DAC542841B60300B3E75C /* EndpointListViewPresenter.swift */ = {isa = PBXFileReference; lastKnownFileType = sourcecode.swift; path = EndpointListViewPresenter.swift; sourceTree = "<group>"; };
		6C0DAC572841B61800B3E75C /* EndpointListViewInteractor.swift */ = {isa = PBXFileReference; lastKnownFileType = sourcecode.swift; path = EndpointListViewInteractor.swift; sourceTree = "<group>"; };
		6C64383128501D1C0008DAD3 /* EndpointListViewRouter.swift */ = {isa = PBXFileReference; lastKnownFileType = sourcecode.swift; path = EndpointListViewRouter.swift; sourceTree = "<group>"; };
		6CAD6B892847948E00C688F2 /* GenericEntity.swift */ = {isa = PBXFileReference; lastKnownFileType = sourcecode.swift; path = GenericEntity.swift; sourceTree = "<group>"; };
		6CAD6B8D284D3DFE00C688F2 /* BaseProtocols.swift */ = {isa = PBXFileReference; lastKnownFileType = sourcecode.swift; path = BaseProtocols.swift; sourceTree = "<group>"; };
		6CAD6B91284D486200C688F2 /* CoreDataService.swift */ = {isa = PBXFileReference; lastKnownFileType = sourcecode.swift; path = CoreDataService.swift; sourceTree = "<group>"; };
		6CAD6B95284DCC0900C688F2 /* PlatformLogoEntity.swift */ = {isa = PBXFileReference; lastKnownFileType = sourcecode.swift; path = PlatformLogoEntity.swift; sourceTree = "<group>"; };
		6CAD6B98284DCC2400C688F2 /* CoverEntity.swift */ = {isa = PBXFileReference; lastKnownFileType = sourcecode.swift; path = CoverEntity.swift; sourceTree = "<group>"; };
/* End PBXFileReference section */

/* Begin PBXFrameworksBuildPhase section */
		6C0DABEF28401E4800B3E75C /* Frameworks */ = {
			isa = PBXFrameworksBuildPhase;
			buildActionMask = 2147483647;
			files = (
			);
			runOnlyForDeploymentPostprocessing = 0;
		};
		6C0DABF528401E4800B3E75C /* Frameworks */ = {
			isa = PBXFrameworksBuildPhase;
			buildActionMask = 2147483647;
			files = (
			);
			runOnlyForDeploymentPostprocessing = 0;
		};
		6C0DABFC28401E4800B3E75C /* Frameworks */ = {
			isa = PBXFrameworksBuildPhase;
			buildActionMask = 2147483647;
			files = (
			);
			runOnlyForDeploymentPostprocessing = 0;
		};
		6C0DAC0828401E4800B3E75C /* Frameworks */ = {
			isa = PBXFrameworksBuildPhase;
			buildActionMask = 2147483647;
			files = (
			);
			runOnlyForDeploymentPostprocessing = 0;
		};
/* End PBXFrameworksBuildPhase section */

/* Begin PBXGroup section */
		6C0DABE228401E4500B3E75C = {
			isa = PBXGroup;
			children = (
				6C0DABE728401E4600B3E75C /* Shared */,
				6C0DABF928401E4800B3E75C /* macOS */,
				6C0DAC0228401E4800B3E75C /* Tests iOS */,
				6C0DAC0E28401E4800B3E75C /* Tests macOS */,
				6C0DABF328401E4800B3E75C /* Products */,
			);
			sourceTree = "<group>";
		};
		6C0DABE728401E4600B3E75C /* Shared */ = {
			isa = PBXGroup;
			children = (
				6CAD6B8C284D3DD200C688F2 /* Protocol */,
				6C0DAC2F2840207300B3E75C /* Presenter */,
				6C0DAC2E2840206D00B3E75C /* Entity */,
				6C0DAC2D2840206600B3E75C /* Router */,
				6C0DAC2C2840205600B3E75C /* Interactor */,
				6C0DAC2B2840204100B3E75C /* View */,
				6C0DABEA28401E4600B3E75C /* ViperApp.swift */,
				6C0DABEB28401E4600B3E75C /* ContentView.swift */,
				6C0DABEC28401E4600B3E75C /* Persistence.swift */,
				6C0DABED28401E4800B3E75C /* Assets.xcassets */,
			);
			path = Shared;
			sourceTree = "<group>";
		};
		6C0DABF328401E4800B3E75C /* Products */ = {
			isa = PBXGroup;
			children = (
				6C0DABF228401E4800B3E75C /* Viper.app */,
				6C0DABF828401E4800B3E75C /* Viper.app */,
				6C0DABFF28401E4800B3E75C /* Tests iOS.xctest */,
				6C0DAC0B28401E4800B3E75C /* Tests macOS.xctest */,
			);
			name = Products;
			sourceTree = "<group>";
		};
		6C0DABF928401E4800B3E75C /* macOS */ = {
			isa = PBXGroup;
			children = (
				6C0DABFA28401E4800B3E75C /* macOS.entitlements */,
			);
			path = macOS;
			sourceTree = "<group>";
		};
		6C0DAC0228401E4800B3E75C /* Tests iOS */ = {
			isa = PBXGroup;
			children = (
				6C0DAC0328401E4800B3E75C /* Tests_iOS.swift */,
				6C0DAC0528401E4800B3E75C /* Tests_iOSLaunchTests.swift */,
			);
			path = "Tests iOS";
			sourceTree = "<group>";
		};
		6C0DAC0E28401E4800B3E75C /* Tests macOS */ = {
			isa = PBXGroup;
			children = (
				6C0DAC0F28401E4800B3E75C /* Tests_macOS.swift */,
				6C0DAC1128401E4800B3E75C /* Tests_macOSLaunchTests.swift */,
			);
			path = "Tests macOS";
			sourceTree = "<group>";
		};
		6C0DAC2B2840204100B3E75C /* View */ = {
			isa = PBXGroup;
			children = (
				6C0DAC422841921D00B3E75C /* MainView.swift */,
				6C0DAC4528419F5400B3E75C /* EndpointCard.swift */,
				6C0DAC512841B57800B3E75C /* EndpointListView.swift */,
				5738AEDE284D568000FE37F4 /* DetailView.swift */,
			);
			path = View;
			sourceTree = "<group>";
		};
		6C0DAC2C2840205600B3E75C /* Interactor */ = {
			isa = PBXGroup;
			children = (
				6C0DAC30284044A100B3E75C /* Service */,
				6C0DAC482841ACA700B3E75C /* MainViewInteractor.swift */,
				6C0DAC4E2841B45300B3E75C /* EndpointCardInteractor.swift */,
				6C0DAC572841B61800B3E75C /* EndpointListViewInteractor.swift */,
				5738AEDB284D560100FE37F4 /* DetailViewInteractor.swift */,
			);
			path = Interactor;
			sourceTree = "<group>";
		};
		6C0DAC2D2840206600B3E75C /* Router */ = {
			isa = PBXGroup;
			children = (
				6C0DAC3F284063B000B3E75C /* MainViewRouter.swift */,
				6C64383128501D1C0008DAD3 /* EndpointListViewRouter.swift */,
			);
			path = Router;
			sourceTree = "<group>";
		};
		6C0DAC2E2840206D00B3E75C /* Entity */ = {
			isa = PBXGroup;
			children = (
				6CAD6B94284DC89000C688F2 /* ImagesEntity */,
				6CAD6B90284D464000C688F2 /* BaseEntity */,
				5738AEE4284D775C00FE37F4 /* SummaryEntity.swift */,
				6C0406102846CBFD0012DC32 /* CharacterEntity.swift */,
				6C0406132846CCA20012DC32 /* CompanyEntity.swift */,
				6C0406162846CD310012DC32 /* GameEntity.swift */,
				6C0406192846CEC80012DC32 /* PlatformEntity.swift */,
				57B2F691284708A100811ED0 /* Endpoint.swift */,
				6CAD6B892847948E00C688F2 /* GenericEntity.swift */,
				6C0DABE828401E4600B3E75C /* Viper.xcdatamodeld */,
			);
			path = Entity;
			sourceTree = "<group>";
		};
		6C0DAC2F2840207300B3E75C /* Presenter */ = {
			isa = PBXGroup;
			children = (
				6C0DAC392840639B00B3E75C /* MainViewPresenter.swift */,
				6C0DAC4B2841B43A00B3E75C /* EndpointCardPresenter.swift */,
				6C0DAC542841B60300B3E75C /* EndpointListViewPresenter.swift */,
				5738AEE1284D56B100FE37F4 /* DetailViewPresenter.swift */,
			);
			path = Presenter;
			sourceTree = "<group>";
		};
		6C0DAC30284044A100B3E75C /* Service */ = {
			isa = PBXGroup;
			children = (
				6C0DAC31284044C800B3E75C /* IGDBService.swift */,
				6CAD6B91284D486200C688F2 /* CoreDataService.swift */,
			);
			path = Service;
			sourceTree = "<group>";
		};
		6CAD6B8C284D3DD200C688F2 /* Protocol */ = {
			isa = PBXGroup;
			children = (
				6CAD6B8D284D3DFE00C688F2 /* BaseProtocols.swift */,
			);
			path = Protocol;
			sourceTree = "<group>";
		};
		6CAD6B90284D464000C688F2 /* BaseEntity */ = {
			isa = PBXGroup;
			children = (
				6C0DAC3C284063A700B3E75C /* StructDecoder.swift */,
			);
			path = BaseEntity;
			sourceTree = "<group>";
		};
		6CAD6B94284DC89000C688F2 /* ImagesEntity */ = {
			isa = PBXGroup;
			children = (
				6CAD6B95284DCC0900C688F2 /* PlatformLogoEntity.swift */,
				6CAD6B98284DCC2400C688F2 /* CoverEntity.swift */,
			);
			path = ImagesEntity;
			sourceTree = "<group>";
		};
/* End PBXGroup section */

/* Begin PBXNativeTarget section */
		6C0DABF128401E4800B3E75C /* Viper (iOS) */ = {
			isa = PBXNativeTarget;
			buildConfigurationList = 6C0DAC1F28401E4800B3E75C /* Build configuration list for PBXNativeTarget "Viper (iOS)" */;
			buildPhases = (
				6C0DABEE28401E4800B3E75C /* Sources */,
				6C0DABEF28401E4800B3E75C /* Frameworks */,
				6C0DABF028401E4800B3E75C /* Resources */,
			);
			buildRules = (
			);
			dependencies = (
			);
			name = "Viper (iOS)";
			productName = "Viper (iOS)";
			productReference = 6C0DABF228401E4800B3E75C /* Viper.app */;
			productType = "com.apple.product-type.application";
		};
		6C0DABF728401E4800B3E75C /* Viper (macOS) */ = {
			isa = PBXNativeTarget;
			buildConfigurationList = 6C0DAC2228401E4800B3E75C /* Build configuration list for PBXNativeTarget "Viper (macOS)" */;
			buildPhases = (
				6C0DABF428401E4800B3E75C /* Sources */,
				6C0DABF528401E4800B3E75C /* Frameworks */,
				6C0DABF628401E4800B3E75C /* Resources */,
			);
			buildRules = (
			);
			dependencies = (
			);
			name = "Viper (macOS)";
			productName = "Viper (macOS)";
			productReference = 6C0DABF828401E4800B3E75C /* Viper.app */;
			productType = "com.apple.product-type.application";
		};
		6C0DABFE28401E4800B3E75C /* Tests iOS */ = {
			isa = PBXNativeTarget;
			buildConfigurationList = 6C0DAC2528401E4800B3E75C /* Build configuration list for PBXNativeTarget "Tests iOS" */;
			buildPhases = (
				6C0DABFB28401E4800B3E75C /* Sources */,
				6C0DABFC28401E4800B3E75C /* Frameworks */,
				6C0DABFD28401E4800B3E75C /* Resources */,
			);
			buildRules = (
			);
			dependencies = (
				6C0DAC0128401E4800B3E75C /* PBXTargetDependency */,
			);
			name = "Tests iOS";
			productName = "Tests iOS";
			productReference = 6C0DABFF28401E4800B3E75C /* Tests iOS.xctest */;
			productType = "com.apple.product-type.bundle.ui-testing";
		};
		6C0DAC0A28401E4800B3E75C /* Tests macOS */ = {
			isa = PBXNativeTarget;
			buildConfigurationList = 6C0DAC2828401E4800B3E75C /* Build configuration list for PBXNativeTarget "Tests macOS" */;
			buildPhases = (
				6C0DAC0728401E4800B3E75C /* Sources */,
				6C0DAC0828401E4800B3E75C /* Frameworks */,
				6C0DAC0928401E4800B3E75C /* Resources */,
			);
			buildRules = (
			);
			dependencies = (
				6C0DAC0D28401E4800B3E75C /* PBXTargetDependency */,
			);
			name = "Tests macOS";
			productName = "Tests macOS";
			productReference = 6C0DAC0B28401E4800B3E75C /* Tests macOS.xctest */;
			productType = "com.apple.product-type.bundle.ui-testing";
		};
/* End PBXNativeTarget section */

/* Begin PBXProject section */
		6C0DABE328401E4500B3E75C /* Project object */ = {
			isa = PBXProject;
			attributes = {
				BuildIndependentTargetsInParallel = 1;
				LastSwiftUpdateCheck = 1330;
				LastUpgradeCheck = 1340;
				TargetAttributes = {
					6C0DABF128401E4800B3E75C = {
						CreatedOnToolsVersion = 13.3.1;
					};
					6C0DABF728401E4800B3E75C = {
						CreatedOnToolsVersion = 13.3.1;
					};
					6C0DABFE28401E4800B3E75C = {
						CreatedOnToolsVersion = 13.3.1;
						TestTargetID = 6C0DABF128401E4800B3E75C;
					};
					6C0DAC0A28401E4800B3E75C = {
						CreatedOnToolsVersion = 13.3.1;
						TestTargetID = 6C0DABF728401E4800B3E75C;
					};
				};
			};
			buildConfigurationList = 6C0DABE628401E4500B3E75C /* Build configuration list for PBXProject "Viper" */;
			compatibilityVersion = "Xcode 13.0";
			developmentRegion = en;
			hasScannedForEncodings = 0;
			knownRegions = (
				en,
				Base,
			);
			mainGroup = 6C0DABE228401E4500B3E75C;
			productRefGroup = 6C0DABF328401E4800B3E75C /* Products */;
			projectDirPath = "";
			projectRoot = "";
			targets = (
				6C0DABF128401E4800B3E75C /* Viper (iOS) */,
				6C0DABF728401E4800B3E75C /* Viper (macOS) */,
				6C0DABFE28401E4800B3E75C /* Tests iOS */,
				6C0DAC0A28401E4800B3E75C /* Tests macOS */,
			);
		};
/* End PBXProject section */

/* Begin PBXResourcesBuildPhase section */
		6C0DABF028401E4800B3E75C /* Resources */ = {
			isa = PBXResourcesBuildPhase;
			buildActionMask = 2147483647;
			files = (
				6C0DAC1B28401E4800B3E75C /* Assets.xcassets in Resources */,
			);
			runOnlyForDeploymentPostprocessing = 0;
		};
		6C0DABF628401E4800B3E75C /* Resources */ = {
			isa = PBXResourcesBuildPhase;
			buildActionMask = 2147483647;
			files = (
				6C0DAC1C28401E4800B3E75C /* Assets.xcassets in Resources */,
			);
			runOnlyForDeploymentPostprocessing = 0;
		};
		6C0DABFD28401E4800B3E75C /* Resources */ = {
			isa = PBXResourcesBuildPhase;
			buildActionMask = 2147483647;
			files = (
			);
			runOnlyForDeploymentPostprocessing = 0;
		};
		6C0DAC0928401E4800B3E75C /* Resources */ = {
			isa = PBXResourcesBuildPhase;
			buildActionMask = 2147483647;
			files = (
			);
			runOnlyForDeploymentPostprocessing = 0;
		};
/* End PBXResourcesBuildPhase section */

/* Begin PBXSourcesBuildPhase section */
		6C0DABEE28401E4800B3E75C /* Sources */ = {
			isa = PBXSourcesBuildPhase;
			buildActionMask = 2147483647;
			files = (
				6CAD6B92284D486200C688F2 /* CoreDataService.swift in Sources */,
				5738AEE5284D775C00FE37F4 /* SummaryEntity.swift in Sources */,
				6C0DAC40284063B000B3E75C /* MainViewRouter.swift in Sources */,
				6C04061A2846CEC80012DC32 /* PlatformEntity.swift in Sources */,
				6CAD6B96284DCC0900C688F2 /* PlatformLogoEntity.swift in Sources */,
				6C0DAC3A2840639B00B3E75C /* MainViewPresenter.swift in Sources */,
				6C0DAC4628419F5400B3E75C /* EndpointCard.swift in Sources */,
				6C0DAC522841B57800B3E75C /* EndpointListView.swift in Sources */,
				6C64383228501D1C0008DAD3 /* EndpointListViewRouter.swift in Sources */,
				6C0DAC552841B60400B3E75C /* EndpointListViewPresenter.swift in Sources */,
				5738AEDF284D568000FE37F4 /* DetailView.swift in Sources */,
				57B2F692284708A100811ED0 /* Endpoint.swift in Sources */,
				5738AEDC284D560100FE37F4 /* DetailViewInteractor.swift in Sources */,
				6C0DAC1528401E4800B3E75C /* ViperApp.swift in Sources */,
				6CAD6B99284DCC2400C688F2 /* CoverEntity.swift in Sources */,
				6CAD6B8A2847948E00C688F2 /* GenericEntity.swift in Sources */,
				6C0406142846CCA20012DC32 /* CompanyEntity.swift in Sources */,
				5738AEE2284D56B100FE37F4 /* DetailViewPresenter.swift in Sources */,
				6CAD6B8E284D3DFE00C688F2 /* BaseProtocols.swift in Sources */,
				6C0DAC3D284063A700B3E75C /* StructDecoder.swift in Sources */,
				6C0406172846CD310012DC32 /* GameEntity.swift in Sources */,
				6C0DAC4C2841B43A00B3E75C /* EndpointCardPresenter.swift in Sources */,
				6C0DAC4F2841B45300B3E75C /* EndpointCardInteractor.swift in Sources */,
				6C0DAC32284044C800B3E75C /* IGDBService.swift in Sources */,
				6C0DAC432841921D00B3E75C /* MainView.swift in Sources */,
				6C0DAC492841ACA700B3E75C /* MainViewInteractor.swift in Sources */,
				6C0DAC1928401E4800B3E75C /* Persistence.swift in Sources */,
				6C0DAC1328401E4800B3E75C /* Viper.xcdatamodeld in Sources */,
				6C0406112846CBFD0012DC32 /* CharacterEntity.swift in Sources */,
				6C0DAC582841B61800B3E75C /* EndpointListViewInteractor.swift in Sources */,
				6C0DAC1728401E4800B3E75C /* ContentView.swift in Sources */,
			);
			runOnlyForDeploymentPostprocessing = 0;
		};
		6C0DABF428401E4800B3E75C /* Sources */ = {
			isa = PBXSourcesBuildPhase;
			buildActionMask = 2147483647;
			files = (
				6CAD6B93284D486200C688F2 /* CoreDataService.swift in Sources */,
				5738AEE6284D775C00FE37F4 /* SummaryEntity.swift in Sources */,
				6C0DAC41284063B000B3E75C /* MainViewRouter.swift in Sources */,
				6C04061B2846CEC80012DC32 /* PlatformEntity.swift in Sources */,
				6CAD6B97284DCC0900C688F2 /* PlatformLogoEntity.swift in Sources */,
				6C0DAC3B2840639B00B3E75C /* MainViewPresenter.swift in Sources */,
				6C0DAC4728419F5400B3E75C /* EndpointCard.swift in Sources */,
				6C0DAC532841B57800B3E75C /* EndpointListView.swift in Sources */,
				6C64383328501D1C0008DAD3 /* EndpointListViewRouter.swift in Sources */,
				6C0DAC562841B60400B3E75C /* EndpointListViewPresenter.swift in Sources */,
				5738AEE0284D568000FE37F4 /* DetailView.swift in Sources */,
				57B2F693284708A100811ED0 /* Endpoint.swift in Sources */,
				5738AEDD284D560100FE37F4 /* DetailViewInteractor.swift in Sources */,
				6C0DAC1628401E4800B3E75C /* ViperApp.swift in Sources */,
				6CAD6B9A284DCC2400C688F2 /* CoverEntity.swift in Sources */,
				6CAD6B8B2847948E00C688F2 /* GenericEntity.swift in Sources */,
				6C0406152846CCA20012DC32 /* CompanyEntity.swift in Sources */,
				5738AEE3284D56B100FE37F4 /* DetailViewPresenter.swift in Sources */,
				6CAD6B8F284D3DFE00C688F2 /* BaseProtocols.swift in Sources */,
				6C0DAC3E284063A700B3E75C /* StructDecoder.swift in Sources */,
				6C0406182846CD310012DC32 /* GameEntity.swift in Sources */,
				6C0DAC4D2841B43A00B3E75C /* EndpointCardPresenter.swift in Sources */,
				6C0DAC502841B45300B3E75C /* EndpointCardInteractor.swift in Sources */,
				6C0DAC33284044C800B3E75C /* IGDBService.swift in Sources */,
				6C0DAC442841921D00B3E75C /* MainView.swift in Sources */,
				6C0DAC4A2841ACA700B3E75C /* MainViewInteractor.swift in Sources */,
				6C0DAC1A28401E4800B3E75C /* Persistence.swift in Sources */,
				6C0DAC1428401E4800B3E75C /* Viper.xcdatamodeld in Sources */,
				6C0406122846CBFD0012DC32 /* CharacterEntity.swift in Sources */,
				6C0DAC592841B61800B3E75C /* EndpointListViewInteractor.swift in Sources */,
				6C0DAC1828401E4800B3E75C /* ContentView.swift in Sources */,
			);
			runOnlyForDeploymentPostprocessing = 0;
		};
		6C0DABFB28401E4800B3E75C /* Sources */ = {
			isa = PBXSourcesBuildPhase;
			buildActionMask = 2147483647;
			files = (
				6C0DAC0628401E4800B3E75C /* Tests_iOSLaunchTests.swift in Sources */,
				6C0DAC0428401E4800B3E75C /* Tests_iOS.swift in Sources */,
			);
			runOnlyForDeploymentPostprocessing = 0;
		};
		6C0DAC0728401E4800B3E75C /* Sources */ = {
			isa = PBXSourcesBuildPhase;
			buildActionMask = 2147483647;
			files = (
				6C0DAC1228401E4800B3E75C /* Tests_macOSLaunchTests.swift in Sources */,
				6C0DAC1028401E4800B3E75C /* Tests_macOS.swift in Sources */,
			);
			runOnlyForDeploymentPostprocessing = 0;
		};
/* End PBXSourcesBuildPhase section */

/* Begin PBXTargetDependency section */
		6C0DAC0128401E4800B3E75C /* PBXTargetDependency */ = {
			isa = PBXTargetDependency;
			target = 6C0DABF128401E4800B3E75C /* Viper (iOS) */;
			targetProxy = 6C0DAC0028401E4800B3E75C /* PBXContainerItemProxy */;
		};
		6C0DAC0D28401E4800B3E75C /* PBXTargetDependency */ = {
			isa = PBXTargetDependency;
			target = 6C0DABF728401E4800B3E75C /* Viper (macOS) */;
			targetProxy = 6C0DAC0C28401E4800B3E75C /* PBXContainerItemProxy */;
		};
/* End PBXTargetDependency section */

/* Begin XCBuildConfiguration section */
		6C0DAC1D28401E4800B3E75C /* Debug */ = {
			isa = XCBuildConfiguration;
			buildSettings = {
				ALWAYS_SEARCH_USER_PATHS = NO;
				CLANG_ANALYZER_NONNULL = YES;
				CLANG_ANALYZER_NUMBER_OBJECT_CONVERSION = YES_AGGRESSIVE;
				CLANG_CXX_LANGUAGE_STANDARD = "gnu++17";
				CLANG_ENABLE_MODULES = YES;
				CLANG_ENABLE_OBJC_ARC = YES;
				CLANG_ENABLE_OBJC_WEAK = YES;
				CLANG_WARN_BLOCK_CAPTURE_AUTORELEASING = YES;
				CLANG_WARN_BOOL_CONVERSION = YES;
				CLANG_WARN_COMMA = YES;
				CLANG_WARN_CONSTANT_CONVERSION = YES;
				CLANG_WARN_DEPRECATED_OBJC_IMPLEMENTATIONS = YES;
				CLANG_WARN_DIRECT_OBJC_ISA_USAGE = YES_ERROR;
				CLANG_WARN_DOCUMENTATION_COMMENTS = YES;
				CLANG_WARN_EMPTY_BODY = YES;
				CLANG_WARN_ENUM_CONVERSION = YES;
				CLANG_WARN_INFINITE_RECURSION = YES;
				CLANG_WARN_INT_CONVERSION = YES;
				CLANG_WARN_NON_LITERAL_NULL_CONVERSION = YES;
				CLANG_WARN_OBJC_IMPLICIT_RETAIN_SELF = YES;
				CLANG_WARN_OBJC_LITERAL_CONVERSION = YES;
				CLANG_WARN_OBJC_ROOT_CLASS = YES_ERROR;
				CLANG_WARN_QUOTED_INCLUDE_IN_FRAMEWORK_HEADER = YES;
				CLANG_WARN_RANGE_LOOP_ANALYSIS = YES;
				CLANG_WARN_STRICT_PROTOTYPES = YES;
				CLANG_WARN_SUSPICIOUS_MOVE = YES;
				CLANG_WARN_UNGUARDED_AVAILABILITY = YES_AGGRESSIVE;
				CLANG_WARN_UNREACHABLE_CODE = YES;
				CLANG_WARN__DUPLICATE_METHOD_MATCH = YES;
				COPY_PHASE_STRIP = NO;
				DEBUG_INFORMATION_FORMAT = dwarf;
				ENABLE_STRICT_OBJC_MSGSEND = YES;
				ENABLE_TESTABILITY = YES;
				GCC_C_LANGUAGE_STANDARD = gnu11;
				GCC_DYNAMIC_NO_PIC = NO;
				GCC_NO_COMMON_BLOCKS = YES;
				GCC_OPTIMIZATION_LEVEL = 0;
				GCC_PREPROCESSOR_DEFINITIONS = (
					"DEBUG=1",
					"$(inherited)",
				);
				GCC_WARN_64_TO_32_BIT_CONVERSION = YES;
				GCC_WARN_ABOUT_RETURN_TYPE = YES_ERROR;
				GCC_WARN_UNDECLARED_SELECTOR = YES;
				GCC_WARN_UNINITIALIZED_AUTOS = YES_AGGRESSIVE;
				GCC_WARN_UNUSED_FUNCTION = YES;
				GCC_WARN_UNUSED_VARIABLE = YES;
				MTL_ENABLE_DEBUG_INFO = INCLUDE_SOURCE;
				MTL_FAST_MATH = YES;
				ONLY_ACTIVE_ARCH = YES;
				SWIFT_ACTIVE_COMPILATION_CONDITIONS = DEBUG;
				SWIFT_OPTIMIZATION_LEVEL = "-Onone";
			};
			name = Debug;
		};
		6C0DAC1E28401E4800B3E75C /* Release */ = {
			isa = XCBuildConfiguration;
			buildSettings = {
				ALWAYS_SEARCH_USER_PATHS = NO;
				CLANG_ANALYZER_NONNULL = YES;
				CLANG_ANALYZER_NUMBER_OBJECT_CONVERSION = YES_AGGRESSIVE;
				CLANG_CXX_LANGUAGE_STANDARD = "gnu++17";
				CLANG_ENABLE_MODULES = YES;
				CLANG_ENABLE_OBJC_ARC = YES;
				CLANG_ENABLE_OBJC_WEAK = YES;
				CLANG_WARN_BLOCK_CAPTURE_AUTORELEASING = YES;
				CLANG_WARN_BOOL_CONVERSION = YES;
				CLANG_WARN_COMMA = YES;
				CLANG_WARN_CONSTANT_CONVERSION = YES;
				CLANG_WARN_DEPRECATED_OBJC_IMPLEMENTATIONS = YES;
				CLANG_WARN_DIRECT_OBJC_ISA_USAGE = YES_ERROR;
				CLANG_WARN_DOCUMENTATION_COMMENTS = YES;
				CLANG_WARN_EMPTY_BODY = YES;
				CLANG_WARN_ENUM_CONVERSION = YES;
				CLANG_WARN_INFINITE_RECURSION = YES;
				CLANG_WARN_INT_CONVERSION = YES;
				CLANG_WARN_NON_LITERAL_NULL_CONVERSION = YES;
				CLANG_WARN_OBJC_IMPLICIT_RETAIN_SELF = YES;
				CLANG_WARN_OBJC_LITERAL_CONVERSION = YES;
				CLANG_WARN_OBJC_ROOT_CLASS = YES_ERROR;
				CLANG_WARN_QUOTED_INCLUDE_IN_FRAMEWORK_HEADER = YES;
				CLANG_WARN_RANGE_LOOP_ANALYSIS = YES;
				CLANG_WARN_STRICT_PROTOTYPES = YES;
				CLANG_WARN_SUSPICIOUS_MOVE = YES;
				CLANG_WARN_UNGUARDED_AVAILABILITY = YES_AGGRESSIVE;
				CLANG_WARN_UNREACHABLE_CODE = YES;
				CLANG_WARN__DUPLICATE_METHOD_MATCH = YES;
				COPY_PHASE_STRIP = NO;
				DEBUG_INFORMATION_FORMAT = "dwarf-with-dsym";
				ENABLE_NS_ASSERTIONS = NO;
				ENABLE_STRICT_OBJC_MSGSEND = YES;
				GCC_C_LANGUAGE_STANDARD = gnu11;
				GCC_NO_COMMON_BLOCKS = YES;
				GCC_WARN_64_TO_32_BIT_CONVERSION = YES;
				GCC_WARN_ABOUT_RETURN_TYPE = YES_ERROR;
				GCC_WARN_UNDECLARED_SELECTOR = YES;
				GCC_WARN_UNINITIALIZED_AUTOS = YES_AGGRESSIVE;
				GCC_WARN_UNUSED_FUNCTION = YES;
				GCC_WARN_UNUSED_VARIABLE = YES;
				MTL_ENABLE_DEBUG_INFO = NO;
				MTL_FAST_MATH = YES;
				SWIFT_COMPILATION_MODE = wholemodule;
				SWIFT_OPTIMIZATION_LEVEL = "-O";
			};
			name = Release;
		};
		6C0DAC2028401E4800B3E75C /* Debug */ = {
			isa = XCBuildConfiguration;
			buildSettings = {
				ASSETCATALOG_COMPILER_APPICON_NAME = AppIcon;
				ASSETCATALOG_COMPILER_GLOBAL_ACCENT_COLOR_NAME = AccentColor;
				CODE_SIGN_STYLE = Automatic;
				CURRENT_PROJECT_VERSION = 1;
				ENABLE_PREVIEWS = YES;
				GENERATE_INFOPLIST_FILE = YES;
				INFOPLIST_KEY_UIApplicationSceneManifest_Generation = YES;
				INFOPLIST_KEY_UIApplicationSupportsIndirectInputEvents = YES;
				INFOPLIST_KEY_UILaunchScreen_Generation = YES;
				INFOPLIST_KEY_UISupportedInterfaceOrientations_iPad = "UIInterfaceOrientationPortrait UIInterfaceOrientationPortraitUpsideDown UIInterfaceOrientationLandscapeLeft UIInterfaceOrientationLandscapeRight";
				INFOPLIST_KEY_UISupportedInterfaceOrientations_iPhone = "UIInterfaceOrientationPortrait UIInterfaceOrientationLandscapeLeft UIInterfaceOrientationLandscapeRight";
				IPHONEOS_DEPLOYMENT_TARGET = 15.4;
				LD_RUNPATH_SEARCH_PATHS = (
					"$(inherited)",
					"@executable_path/Frameworks",
				);
				MARKETING_VERSION = 1.0;
				PRODUCT_BUNDLE_IDENTIFIER = RuPaGno.Viper;
				PRODUCT_NAME = Viper;
				SDKROOT = iphoneos;
				SWIFT_EMIT_LOC_STRINGS = YES;
				SWIFT_VERSION = 5.0;
				TARGETED_DEVICE_FAMILY = "1,2";
			};
			name = Debug;
		};
		6C0DAC2128401E4800B3E75C /* Release */ = {
			isa = XCBuildConfiguration;
			buildSettings = {
				ASSETCATALOG_COMPILER_APPICON_NAME = AppIcon;
				ASSETCATALOG_COMPILER_GLOBAL_ACCENT_COLOR_NAME = AccentColor;
				CODE_SIGN_STYLE = Automatic;
				CURRENT_PROJECT_VERSION = 1;
				ENABLE_PREVIEWS = YES;
				GENERATE_INFOPLIST_FILE = YES;
				INFOPLIST_KEY_UIApplicationSceneManifest_Generation = YES;
				INFOPLIST_KEY_UIApplicationSupportsIndirectInputEvents = YES;
				INFOPLIST_KEY_UILaunchScreen_Generation = YES;
				INFOPLIST_KEY_UISupportedInterfaceOrientations_iPad = "UIInterfaceOrientationPortrait UIInterfaceOrientationPortraitUpsideDown UIInterfaceOrientationLandscapeLeft UIInterfaceOrientationLandscapeRight";
				INFOPLIST_KEY_UISupportedInterfaceOrientations_iPhone = "UIInterfaceOrientationPortrait UIInterfaceOrientationLandscapeLeft UIInterfaceOrientationLandscapeRight";
				IPHONEOS_DEPLOYMENT_TARGET = 15.4;
				LD_RUNPATH_SEARCH_PATHS = (
					"$(inherited)",
					"@executable_path/Frameworks",
				);
				MARKETING_VERSION = 1.0;
				PRODUCT_BUNDLE_IDENTIFIER = RuPaGno.Viper;
				PRODUCT_NAME = Viper;
				SDKROOT = iphoneos;
				SWIFT_EMIT_LOC_STRINGS = YES;
				SWIFT_VERSION = 5.0;
				TARGETED_DEVICE_FAMILY = "1,2";
				VALIDATE_PRODUCT = YES;
			};
			name = Release;
		};
		6C0DAC2328401E4800B3E75C /* Debug */ = {
			isa = XCBuildConfiguration;
			buildSettings = {
				ASSETCATALOG_COMPILER_APPICON_NAME = AppIcon;
				ASSETCATALOG_COMPILER_GLOBAL_ACCENT_COLOR_NAME = AccentColor;
				CODE_SIGN_ENTITLEMENTS = macOS/macOS.entitlements;
				CODE_SIGN_IDENTITY = "-";
				CODE_SIGN_STYLE = Automatic;
				COMBINE_HIDPI_IMAGES = YES;
				CURRENT_PROJECT_VERSION = 1;
				ENABLE_PREVIEWS = YES;
				GENERATE_INFOPLIST_FILE = YES;
				INFOPLIST_KEY_NSHumanReadableCopyright = "";
				LD_RUNPATH_SEARCH_PATHS = (
					"$(inherited)",
					"@executable_path/../Frameworks",
				);
				MACOSX_DEPLOYMENT_TARGET = 12.1;
				MARKETING_VERSION = 1.0;
				PRODUCT_BUNDLE_IDENTIFIER = RuPaGno.Viper;
				PRODUCT_NAME = Viper;
				SDKROOT = macosx;
				SWIFT_EMIT_LOC_STRINGS = YES;
				SWIFT_VERSION = 5.0;
			};
			name = Debug;
		};
		6C0DAC2428401E4800B3E75C /* Release */ = {
			isa = XCBuildConfiguration;
			buildSettings = {
				ASSETCATALOG_COMPILER_APPICON_NAME = AppIcon;
				ASSETCATALOG_COMPILER_GLOBAL_ACCENT_COLOR_NAME = AccentColor;
				CODE_SIGN_ENTITLEMENTS = macOS/macOS.entitlements;
				CODE_SIGN_IDENTITY = "-";
				CODE_SIGN_STYLE = Automatic;
				COMBINE_HIDPI_IMAGES = YES;
				CURRENT_PROJECT_VERSION = 1;
				ENABLE_PREVIEWS = YES;
				GENERATE_INFOPLIST_FILE = YES;
				INFOPLIST_KEY_NSHumanReadableCopyright = "";
				LD_RUNPATH_SEARCH_PATHS = (
					"$(inherited)",
					"@executable_path/../Frameworks",
				);
				MACOSX_DEPLOYMENT_TARGET = 12.1;
				MARKETING_VERSION = 1.0;
				PRODUCT_BUNDLE_IDENTIFIER = RuPaGno.Viper;
				PRODUCT_NAME = Viper;
				SDKROOT = macosx;
				SWIFT_EMIT_LOC_STRINGS = YES;
				SWIFT_VERSION = 5.0;
			};
			name = Release;
		};
		6C0DAC2628401E4800B3E75C /* Debug */ = {
			isa = XCBuildConfiguration;
			buildSettings = {
				ALWAYS_EMBED_SWIFT_STANDARD_LIBRARIES = YES;
				CODE_SIGN_STYLE = Automatic;
				CURRENT_PROJECT_VERSION = 1;
				GENERATE_INFOPLIST_FILE = YES;
				IPHONEOS_DEPLOYMENT_TARGET = 15.4;
				MARKETING_VERSION = 1.0;
				PRODUCT_BUNDLE_IDENTIFIER = "RuPaGno.Tests-iOS";
				PRODUCT_NAME = "$(TARGET_NAME)";
				SDKROOT = iphoneos;
				SWIFT_EMIT_LOC_STRINGS = NO;
				SWIFT_VERSION = 5.0;
				TARGETED_DEVICE_FAMILY = "1,2";
				TEST_TARGET_NAME = "Viper (iOS)";
			};
			name = Debug;
		};
		6C0DAC2728401E4800B3E75C /* Release */ = {
			isa = XCBuildConfiguration;
			buildSettings = {
				ALWAYS_EMBED_SWIFT_STANDARD_LIBRARIES = YES;
				CODE_SIGN_STYLE = Automatic;
				CURRENT_PROJECT_VERSION = 1;
				GENERATE_INFOPLIST_FILE = YES;
				IPHONEOS_DEPLOYMENT_TARGET = 15.4;
				MARKETING_VERSION = 1.0;
				PRODUCT_BUNDLE_IDENTIFIER = "RuPaGno.Tests-iOS";
				PRODUCT_NAME = "$(TARGET_NAME)";
				SDKROOT = iphoneos;
				SWIFT_EMIT_LOC_STRINGS = NO;
				SWIFT_VERSION = 5.0;
				TARGETED_DEVICE_FAMILY = "1,2";
				TEST_TARGET_NAME = "Viper (iOS)";
				VALIDATE_PRODUCT = YES;
			};
			name = Release;
		};
		6C0DAC2928401E4800B3E75C /* Debug */ = {
			isa = XCBuildConfiguration;
			buildSettings = {
				ALWAYS_EMBED_SWIFT_STANDARD_LIBRARIES = YES;
				CODE_SIGN_STYLE = Automatic;
				CURRENT_PROJECT_VERSION = 1;
				GENERATE_INFOPLIST_FILE = YES;
				MACOSX_DEPLOYMENT_TARGET = 12.1;
				MARKETING_VERSION = 1.0;
				PRODUCT_BUNDLE_IDENTIFIER = "RuPaGno.Tests-macOS";
				PRODUCT_NAME = "$(TARGET_NAME)";
				SDKROOT = macosx;
				SWIFT_EMIT_LOC_STRINGS = NO;
				SWIFT_VERSION = 5.0;
				TEST_TARGET_NAME = "Viper (macOS)";
			};
			name = Debug;
		};
		6C0DAC2A28401E4800B3E75C /* Release */ = {
			isa = XCBuildConfiguration;
			buildSettings = {
				ALWAYS_EMBED_SWIFT_STANDARD_LIBRARIES = YES;
				CODE_SIGN_STYLE = Automatic;
				CURRENT_PROJECT_VERSION = 1;
				GENERATE_INFOPLIST_FILE = YES;
				MACOSX_DEPLOYMENT_TARGET = 12.1;
				MARKETING_VERSION = 1.0;
				PRODUCT_BUNDLE_IDENTIFIER = "RuPaGno.Tests-macOS";
				PRODUCT_NAME = "$(TARGET_NAME)";
				SDKROOT = macosx;
				SWIFT_EMIT_LOC_STRINGS = NO;
				SWIFT_VERSION = 5.0;
				TEST_TARGET_NAME = "Viper (macOS)";
			};
			name = Release;
		};
/* End XCBuildConfiguration section */

/* Begin XCConfigurationList section */
		6C0DABE628401E4500B3E75C /* Build configuration list for PBXProject "Viper" */ = {
			isa = XCConfigurationList;
			buildConfigurations = (
				6C0DAC1D28401E4800B3E75C /* Debug */,
				6C0DAC1E28401E4800B3E75C /* Release */,
			);
			defaultConfigurationIsVisible = 0;
			defaultConfigurationName = Release;
		};
		6C0DAC1F28401E4800B3E75C /* Build configuration list for PBXNativeTarget "Viper (iOS)" */ = {
			isa = XCConfigurationList;
			buildConfigurations = (
				6C0DAC2028401E4800B3E75C /* Debug */,
				6C0DAC2128401E4800B3E75C /* Release */,
			);
			defaultConfigurationIsVisible = 0;
			defaultConfigurationName = Release;
		};
		6C0DAC2228401E4800B3E75C /* Build configuration list for PBXNativeTarget "Viper (macOS)" */ = {
			isa = XCConfigurationList;
			buildConfigurations = (
				6C0DAC2328401E4800B3E75C /* Debug */,
				6C0DAC2428401E4800B3E75C /* Release */,
			);
			defaultConfigurationIsVisible = 0;
			defaultConfigurationName = Release;
		};
		6C0DAC2528401E4800B3E75C /* Build configuration list for PBXNativeTarget "Tests iOS" */ = {
			isa = XCConfigurationList;
			buildConfigurations = (
				6C0DAC2628401E4800B3E75C /* Debug */,
				6C0DAC2728401E4800B3E75C /* Release */,
			);
			defaultConfigurationIsVisible = 0;
			defaultConfigurationName = Release;
		};
		6C0DAC2828401E4800B3E75C /* Build configuration list for PBXNativeTarget "Tests macOS" */ = {
			isa = XCConfigurationList;
			buildConfigurations = (
				6C0DAC2928401E4800B3E75C /* Debug */,
				6C0DAC2A28401E4800B3E75C /* Release */,
			);
			defaultConfigurationIsVisible = 0;
			defaultConfigurationName = Release;
		};
/* End XCConfigurationList section */

/* Begin XCVersionGroup section */
		6C0DABE828401E4600B3E75C /* Viper.xcdatamodeld */ = {
			isa = XCVersionGroup;
			children = (
				6C0DABE928401E4600B3E75C /* Shared.xcdatamodel */,
			);
			currentVersion = 6C0DABE928401E4600B3E75C /* Shared.xcdatamodel */;
			path = Viper.xcdatamodeld;
			sourceTree = "<group>";
			versionGroupType = wrapper.xcdatamodel;
		};
/* End XCVersionGroup section */
	};
	rootObject = 6C0DABE328401E4500B3E75C /* Project object */;
}
